{
  "originHash" : "a0cee5e245b55a1549e25937398c407ca6ff654a7ae8870f66899b2cf41e9ccd",
  "pins" : [
    {
      "identity" : "togethercore",
      "kind" : "remoteSourceControl",
      "location" : "https://github.com/kb24123456/TogetherCore.git",
      "state" : {
        "revision" : "fdec692379ff37aa9b01c316b604de7e24c3a036",
        "version" : "1.1.0"
      }
    }
  ],
  "version" : 3
}
